
Microsoft Visual Studio Solution File, Format Version 12.00
# Visual Studio Version 17
VisualStudioVersion = 17.9.34723.18
MinimumVisualStudioVersion = 10.0.40219.1
Project("{FAE04EC0-301F-11D3-BF4B-00C04F79EFBC}") = "Interface Segregation Principle", "Interface Segregation Principle\Interface Segregation Principle.csproj", "{69ADC6CC-1EED-4723-AE57-EE0B56AD75CF}"
EndProject
Global
	GlobalSection(SolutionConfigurationPlatforms) = preSolution
		Debug|Any CPU = Debug|Any CPU
		Release|Any CPU = Release|Any CPU
	EndGlobalSection
	GlobalSection(ProjectConfigurationPlatforms) = postSolution
		{69ADC6CC-1EED-4723-AE57-EE0B56AD75CF}.Debug|Any CPU.ActiveCfg = Debug|Any CPU
		{69ADC6CC-1EED-4723-AE57-EE0B56AD75CF}.Debug|Any CPU.Build.0 = Debug|Any CPU
		{69ADC6CC-1EED-4723-AE57-EE0B56AD75CF}.Release|Any CPU.ActiveCfg = Release|Any CPU
		{69ADC6CC-1EED-4723-AE57-EE0B56AD75CF}.Release|Any CPU.Build.0 = Release|Any CPU
	EndGlobalSection
	GlobalSection(SolutionProperties) = preSolution
		HideSolutionNode = FALSE
	EndGlobalSection
	GlobalSection(ExtensibilityGlobals) = postSolution
		SolutionGuid = {2593020E-9EED-4CD4-B9A0-B26394E5B59A}
	EndGlobalSection
EndGlobal
